github.com/shinolab/autd3-go/v2 v2.2.0 h1:nqAYKr1dTcq3Ul+CCh065Ti4VggunA88bM23ADKa+/w=
github.com/shinolab/autd3-go/v2 v2.2.0/go.mod h1:BVVwsP0Lg0toyfNcv/lhzZnO6bAcC5CVzIskMtjk/gE=
github.com/shinolab/autd3-go/v2 v2.2.1 h1:UVUw/sPv9BtFou2Iu2auXHYF2jl5wrITImxbFZ55LWA=
github.com/shinolab/autd3-go/v2 v2.2.1/go.mod h1:BVVwsP0Lg0toyfNcv/lhzZnO6bAcC5CVzIskMtjk/gE=
